<?xml version="1.0" encoding="utf-8"?>
<Project xmlns="http://schemas.microsoft.com/developer/msbuild/2003">
  <ItemGroup>
    <Filter Include="Form Files">
      <UniqueIdentifier>{99349809-55BA-4b9d-BF79-8FDBB0286EB3}</UniqueIdentifier>
      <Extensions>ui</Extensions>
      <ParseFiles>false</ParseFiles>
    </Filter>
    <Filter Include="Form Files">
      <UniqueIdentifier>{99349809-55BA-4b9d-BF79-8FDBB0286EB3}</UniqueIdentifier>
      <Extensions>ui</Extensions>
      <ParseFiles>false</ParseFiles>
    </Filter>
    <Filter Include="Generated Files">
      <UniqueIdentifier>{71ED8ED8-ACB9-4CE9-BBE1-E00B30144E11}</UniqueIdentifier>
      <Extensions>cpp;c;cxx;moc;h;def;odl;idl;res;</Extensions>
    </Filter>
    <Filter Include="Generated Files">
      <UniqueIdentifier>{71ED8ED8-ACB9-4CE9-BBE1-E00B30144E11}</UniqueIdentifier>
      <Extensions>cpp;c;cxx;moc;h;def;odl;idl;res;</Extensions>
    </Filter>
    <Filter Include="Header Files">
      <UniqueIdentifier>{93995380-89BD-4b04-88EB-625FBE52EBFB}</UniqueIdentifier>
      <Extensions>h;hpp;hxx;hm;inl;inc;xsd</Extensions>
    </Filter>
    <Filter Include="Header Files">
      <UniqueIdentifier>{93995380-89BD-4b04-88EB-625FBE52EBFB}</UniqueIdentifier>
      <Extensions>h;hpp;hxx;hm;inl;inc;xsd</Extensions>
    </Filter>
    <Filter Include="Source Files">
      <UniqueIdentifier>{4FC737F1-C7A5-4376-A066-2A32D752A2FF}</UniqueIdentifier>
      <Extensions>cpp;c;cxx;def;odl;idl;hpj;bat;asm;asmx</Extensions>
    </Filter>
    <Filter Include="Source Files">
      <UniqueIdentifier>{4FC737F1-C7A5-4376-A066-2A32D752A2FF}</UniqueIdentifier>
      <Extensions>cpp;c;cxx;def;odl;idl;hpj;bat;asm;asmx</Extensions>
    </Filter>
  </ItemGroup>
  <ItemGroup>
    <ClCompile Include="CheckInputSpectrum.cpp">
      <Filter>Source Files</Filter>
    </ClCompile>
    <ClCompile Include="analysie_voigt.cpp">
      <Filter>Source Files</Filter>
    </ClCompile>
    <ClCompile Include="calculate_geo_corr.cpp">
      <Filter>Source Files</Filter>
    </ClCompile>
    <ClCompile Include="dcs_gui.cpp">
      <Filter>Source Files</Filter>
    </ClCompile>
    <ClCompile Include="dcs_montecarlo.cpp">
      <Filter>Source Files</Filter>
    </ClCompile>
    <ClCompile Include="double_crystal_diffraction.cpp">
      <Filter>Source Files</Filter>
    </ClCompile>
    <ClCompile Include="gaussi_rockin.cpp">
      <Filter>Source Files</Filter>
    </ClCompile>
    <ClCompile Include="get_new_temp_for_bin.cpp">
      <Filter>Source Files</Filter>
    </ClCompile>
    <ClCompile Include="intensitysource.cpp">
      <Filter>Source Files</Filter>
    </ClCompile>
    <ClCompile Include="limits_horizontal_diverge.cpp">
      <Filter>Source Files</Filter>
    </ClCompile>
    <ClCompile Include="make_graph_imageplates.cpp">
      <Filter>Source Files</Filter>
    </ClCompile>
    <ClCompile Include="make_plot_profiles.cpp">
      <Filter>Source Files</Filter>
    </ClCompile>
    <ClCompile Include="make_pointcryst.cpp">
      <Filter>Source Files</Filter>
    </ClCompile>
    <ClCompile Include="makefitvoigt.cpp">
      <Filter>Source Files</Filter>
    </ClCompile>
    <ClCompile Include="mask_test_c2.cpp">
      <Filter>Source Files</Filter>
    </ClCompile>
    <ClCompile Include="obtain_curve_responce.cpp">
      <Filter>Source Files</Filter>
    </ClCompile>
    <ClCompile Include="obtain_curved_hor_corr.cpp">
      <Filter>Source Files</Filter>
    </ClCompile>
    <ClCompile Include="obtain_data_fitting.cpp">
      <Filter>Source Files</Filter>
    </ClCompile>
    <ClCompile Include="obtain_energyspectrum.cpp">
      <Filter>Source Files</Filter>
    </ClCompile>
    <ClCompile Include="obtain_misalign.cpp">
      <Filter>Source Files</Filter>
    </ClCompile>
    <ClCompile Include="obtain_time.cpp">
      <Filter>Source Files</Filter>
    </ClCompile>
    <ClCompile Include="obtainvertical.cpp">
      <Filter>Source Files</Filter>
    </ClCompile>
    <ClCompile Include="qcustomplot.cpp">
      <Filter>Source Files</Filter>
    </ClCompile>
    <ClCompile Include="qdcs3dvis.cpp">
      <Filter>Source Files</Filter>
    </ClCompile>
    <ClCompile Include="set_ang_rad.cpp">
      <Filter>Source Files</Filter>
    </ClCompile>
    <ClCompile Include="simulationmain.cpp">
      <Filter>Source Files</Filter>
    </ClCompile>
    <ClCompile Include="source_complex.cpp">
      <Filter>Source Files</Filter>
    </ClCompile>
    <ClCompile Include="source_simple.cpp">
      <Filter>Source Files</Filter>
    </ClCompile>
    <ClCompile Include="test_input.cpp">
      <Filter>Source Files</Filter>
    </ClCompile>
    <ClCompile Include="simuGlobals.cpp">
      <Filter>Source Files</Filter>
    </ClCompile>
  </ItemGroup>
  <ItemGroup>
    <ClInclude Include="Boxmuller.hh">
      <Filter>Header Files</Filter>
    </ClInclude>
    <ClInclude Include="CheckInputSpectrum.hh">
      <Filter>Header Files</Filter>
    </ClInclude>
    <ClInclude Include="FindLoc.hh">
      <Filter>Header Files</Filter>
    </ClInclude>
    <ClInclude Include="First_crystal_angle.hh">
      <Filter>Header Files</Filter>
    </ClInclude>
    <ClInclude Include="First_crystal_angle_1_Approximation.hh">
      <Filter>Header Files</Filter>
    </ClInclude>
    <ClInclude Include="First_crystal_angle_Full.hh">
      <Filter>Header Files</Filter>
    </ClInclude>
    <ClInclude Include="Obtain_d_Lattice_temp.hh">
      <Filter>Header Files</Filter>
    </ClInclude>
    <ClInclude Include="Obtain_ypzp.hh">
      <Filter>Header Files</Filter>
    </ClInclude>
    <ClInclude Include="PseuVoigt.hh">
      <Filter>Header Files</Filter>
    </ClInclude>
    <ClInclude Include="Reach_detector.hh">
      <Filter>Header Files</Filter>
    </ClInclude>
    <ClInclude Include="Second_crystal_angle.hh">
      <Filter>Header Files</Filter>
    </ClInclude>
    <ClInclude Include="Second_crystal_angle_Full.hh">
      <Filter>Header Files</Filter>
    </ClInclude>
    <ClInclude Include="Second_crystal_angle_aproximation.hh">
      <Filter>Header Files</Filter>
    </ClInclude>
    <ClInclude Include="TrueVoig.hh">
      <Filter>Header Files</Filter>
    </ClInclude>
    <ClInclude Include="analysie_voigt.hh">
      <Filter>Header Files</Filter>
    </ClInclude>
    <ClInclude Include="calculate_geo_corr.hh">
      <Filter>Header Files</Filter>
    </ClInclude>
    <ClInclude Include="covsrt.hh">
      <Filter>Header Files</Filter>
    </ClInclude>
    <ClInclude Include="cw.hh">
      <Filter>Header Files</Filter>
    </ClInclude>
    <QtMoc Include="dcs_gui.h">
      <Filter>Header Files</Filter>
    </QtMoc>
    <ClInclude Include="dcs_montecarlo.hh">
      <Filter>Header Files</Filter>
    </ClInclude>
    <ClInclude Include="double_crystal_diffraction.hh">
      <Filter>Header Files</Filter>
    </ClInclude>
    <ClInclude Include="gaussi_rockin.hh">
      <Filter>Header Files</Filter>
    </ClInclude>
    <ClInclude Include="gaussj.hh">
      <Filter>Header Files</Filter>
    </ClInclude>
    <ClInclude Include="get_new_temp_for_bin.hh">
      <Filter>Header Files</Filter>
    </ClInclude>
    <ClInclude Include="intensitysource.hh">
      <Filter>Header Files</Filter>
    </ClInclude>
    <ClInclude Include="limits_horizontal_diverge.hh">
      <Filter>Header Files</Filter>
    </ClInclude>
    <ClInclude Include="make_graph_imageplates.hh">
      <Filter>Header Files</Filter>
    </ClInclude>
    <ClInclude Include="make_plot_profiles.hh">
      <Filter>Header Files</Filter>
    </ClInclude>
    <ClInclude Include="make_pointcryst.hh">
      <Filter>Header Files</Filter>
    </ClInclude>
    <ClInclude Include="makefitvoigt.hh">
      <Filter>Header Files</Filter>
    </ClInclude>
    <ClInclude Include="mask_test_c2.hh">
      <Filter>Header Files</Filter>
    </ClInclude>
    <ClInclude Include="mrqcof.hh">
      <Filter>Header Files</Filter>
    </ClInclude>
    <ClInclude Include="mrqmin.hh">
      <Filter>Header Files</Filter>
    </ClInclude>
    <ClInclude Include="obtain_curve_responce.hh">
      <Filter>Header Files</Filter>
    </ClInclude>
    <ClInclude Include="obtain_curved_hor_corr.hh">
      <Filter>Header Files</Filter>
    </ClInclude>
    <ClInclude Include="obtain_data_fitting.hh">
      <Filter>Header Files</Filter>
    </ClInclude>
    <ClInclude Include="obtain_energyspectrum.hh">
      <Filter>Header Files</Filter>
    </ClInclude>
    <ClInclude Include="obtain_misalign.hh">
      <Filter>Header Files</Filter>
    </ClInclude>
    <ClInclude Include="obtain_time.hh">
      <Filter>Header Files</Filter>
    </ClInclude>
    <ClInclude Include="obtainvertical.hh">
      <Filter>Header Files</Filter>
    </ClInclude>
    <QtMoc Include="qcustomplot.h">
      <Filter>Header Files</Filter>
    </QtMoc>
    <ClInclude Include="qdcs3dvis.h">
      <Filter>Header Files</Filter>
    </ClInclude>
    <ClInclude Include="set_ang_rad.hh">
      <Filter>Header Files</Filter>
    </ClInclude>
    <ClInclude Include="simuGlobals.hh">
      <Filter>Header Files</Filter>
    </ClInclude>
    <QtMoc Include="simulationmain.h">
      <Filter>Header Files</Filter>
    </QtMoc>
    <ClInclude Include="source_complex.hh">
      <Filter>Header Files</Filter>
    </ClInclude>
    <ClInclude Include="source_simple.hh">
      <Filter>Header Files</Filter>
    </ClInclude>
    <ClInclude Include="spline.hh">
      <Filter>Header Files</Filter>
    </ClInclude>
    <ClInclude Include="splint.hh">
      <Filter>Header Files</Filter>
    </ClInclude>
    <ClInclude Include="test_input.hh">
      <Filter>Header Files</Filter>
    </ClInclude>
    <ClInclude Include="simuConsts.h">
      <Filter>Header Files</Filter>
    </ClInclude>
  </ItemGroup>
  <ItemGroup>
    <CustomBuild Include="debug\moc_predefs.h.cbt">
      <Filter>Generated Files</Filter>
    </CustomBuild>
    <CustomBuild Include="release\moc_predefs.h.cbt">
      <Filter>Generated Files</Filter>
    </CustomBuild>
  </ItemGroup>
  <ItemGroup>
    <QtUic Include="dcs_gui.ui">
      <Filter>Form Files</Filter>
    </QtUic>
    <QtUic Include="simulationmain.ui">
      <Filter>Form Files</Filter>
    </QtUic>
  </ItemGroup>
</Project>